{
  "version": 4,
  "terraform_version": "1.15.5",
  "serial": 2,
  "lineage": "2124a3f3-1b10-2cc3-77c6-e2dbcfe5797d",
  "outputs": {
    "acr_id": {
      "value": "/subscriptions/9eb30e56-8e18-4f8e-b38b-e9a3fd2eb9d8/resourceGroups/rams123/providers/Microsoft.ContainerRegistry/registries/ramacr01",
      "type": "string"
    },
    "acr_login_server": {
      "value": "ramacr01.azurecr.io",
      "type": "string"
    },
    "acr_name": {
      "value": "ramacr01",
      "type": "string"
    }
  },
  "resources": [
    {
      "mode": "managed",
      "type": "azurerm_container_registry",
      "name": "acr",
      "provider": "provider[\"registry.terraform.io/hashicorp/azurerm\"]",
      "instances": [
        {
          "schema_version": 2,
          "attributes": {
            "admin_enabled": false,
            "admin_password": "",
            "admin_username": "",
            "anonymous_pull_enabled": false,
            "data_endpoint_enabled": false,
            "data_endpoint_host_names": [],
            "encryption": [],
            "export_policy_enabled": true,
            "georeplications": [],
            "id": "/subscriptions/9eb30e56-8e18-4f8e-b38b-e9a3fd2eb9d8/resourceGroups/rams123/providers/Microsoft.ContainerRegistry/registries/ramacr01",
            "identity": [],
            "location": "southindia",
            "login_server": "ramacr01.azurecr.io",
            "name": "ramacr01",
            "network_rule_bypass_option": "AzureServices",
            "network_rule_set": [],
            "public_network_access_enabled": true,
            "quarantine_policy_enabled": false,
            "resource_group_name": "rams123",
            "retention_policy_in_days": 0,
            "sku": "Basic",
            "tags": null,
            "timeouts": null,
            "trust_policy_enabled": false,
            "zone_redundancy_enabled": false
          },
          "sensitive_attributes": [
            [
              {
                "type": "get_attr",
                "value": "admin_password"
              }
            ]
          ],
          "identity_schema_version": 0,
          "private": "eyJlMmJmYjczMC1lY2FhLTExZTYtOGY4OC0zNDM2M2JjN2M0YzAiOnsiY3JlYXRlIjoxODAwMDAwMDAwMDAwLCJkZWxldGUiOjE4MDAwMDAwMDAwMDAsInJlYWQiOjMwMDAwMDAwMDAwMCwidXBkYXRlIjoxODAwMDAwMDAwMDAwfSwic2NoZW1hX3ZlcnNpb24iOiIyIn0="
        }
      ]
    }
  ],
  "check_results": null
}
